Microsoft Visual Studio Solution File, Format Version 11.00
# Visual Studio 2008

Project("{01B66905-62A0-D8C3-14A6-B59A67DE2781}") = "AStar_Eduarda_Hugo", "Assembly-CSharp.csproj", "{7492FD57-D209-8B8F-1085-1CE133A25D6B}"
EndProject
Global
	GlobalSection(SolutionConfigurationPlatforms) = preSolution
		Debug|Any CPU = Debug|Any CPU
		Release|Any CPU = Release|Any CPU
	EndGlobalSection
	GlobalSection(ProjectConfigurationPlatforms) = postSolution
		{7492FD57-D209-8B8F-1085-1CE133A25D6B}.Debug|Any CPU.ActiveCfg = Debug|Any CPU
		{7492FD57-D209-8B8F-1085-1CE133A25D6B}.Debug|Any CPU.Build.0 = Debug|Any CPU
		{7492FD57-D209-8B8F-1085-1CE133A25D6B}.Release|Any CPU.ActiveCfg = Release|Any CPU
		{7492FD57-D209-8B8F-1085-1CE133A25D6B}.Release|Any CPU.Build.0 = Release|Any CPU
	EndGlobalSection
	GlobalSection(SolutionProperties) = preSolution
		HideSolutionNode = FALSE
	EndGlobalSection
	GlobalSection(MonoDevelopProperties) = preSolution
		StartupItem = Assembly-CSharp.csproj
	EndGlobalSection
EndGlobal
